
Microsoft Visual Studio Solution File, Format Version 12.00
# Visual Studio Version 17
VisualStudioVersion = 17.0.31903.59
MinimumVisualStudioVersion = 10.0.40219.1
Project("{2150E333-8FDC-42A3-9474-1A3956D46DE8}") = "server", "server", "{D00FEE92-3EC7-4C0C-A31C-B711121CCAC7}"
EndProject
Project("{FAE04EC0-301F-11D3-BF4B-00C04F79EFBC}") = "DataAccess", "server\DataAccess\DataAccess.csproj", "{3E4AE790-A713-4809-AD5B-3DFE242D147A}"
EndProject
Project("{FAE04EC0-301F-11D3-BF4B-00C04F79EFBC}") = "Api", "server\Api\Api.csproj", "{E59FFC67-675E-4549-A52B-B04737C781D7}"
EndProject
Project("{FAE04EC0-301F-11D3-BF4B-00C04F79EFBC}") = "Tests", "server\Tests\Tests.csproj", "{6952063C-91D5-45BA-AED6-0E8377DC0C41}"
EndProject
Global
	GlobalSection(SolutionConfigurationPlatforms) = preSolution
		Debug|Any CPU = Debug|Any CPU
		Release|Any CPU = Release|Any CPU
	EndGlobalSection
	GlobalSection(SolutionProperties) = preSolution
		HideSolutionNode = FALSE
	EndGlobalSection
	GlobalSection(ProjectConfigurationPlatforms) = postSolution
		{3E4AE790-A713-4809-AD5B-3DFE242D147A}.Debug|Any CPU.ActiveCfg = Debug|Any CPU
		{3E4AE790-A713-4809-AD5B-3DFE242D147A}.Debug|Any CPU.Build.0 = Debug|Any CPU
		{3E4AE790-A713-4809-AD5B-3DFE242D147A}.Release|Any CPU.ActiveCfg = Release|Any CPU
		{3E4AE790-A713-4809-AD5B-3DFE242D147A}.Release|Any CPU.Build.0 = Release|Any CPU
		{E59FFC67-675E-4549-A52B-B04737C781D7}.Debug|Any CPU.ActiveCfg = Debug|Any CPU
		{E59FFC67-675E-4549-A52B-B04737C781D7}.Debug|Any CPU.Build.0 = Debug|Any CPU
		{E59FFC67-675E-4549-A52B-B04737C781D7}.Release|Any CPU.ActiveCfg = Release|Any CPU
		{E59FFC67-675E-4549-A52B-B04737C781D7}.Release|Any CPU.Build.0 = Release|Any CPU
		{6952063C-91D5-45BA-AED6-0E8377DC0C41}.Debug|Any CPU.ActiveCfg = Debug|Any CPU
		{6952063C-91D5-45BA-AED6-0E8377DC0C41}.Debug|Any CPU.Build.0 = Debug|Any CPU
		{6952063C-91D5-45BA-AED6-0E8377DC0C41}.Release|Any CPU.ActiveCfg = Release|Any CPU
		{6952063C-91D5-45BA-AED6-0E8377DC0C41}.Release|Any CPU.Build.0 = Release|Any CPU
	EndGlobalSection
	GlobalSection(NestedProjects) = preSolution
		{3E4AE790-A713-4809-AD5B-3DFE242D147A} = {D00FEE92-3EC7-4C0C-A31C-B711121CCAC7}
		{E59FFC67-675E-4549-A52B-B04737C781D7} = {D00FEE92-3EC7-4C0C-A31C-B711121CCAC7}
		{6952063C-91D5-45BA-AED6-0E8377DC0C41} = {D00FEE92-3EC7-4C0C-A31C-B711121CCAC7}
	EndGlobalSection
EndGlobal
